
Microsoft Visual Studio Solution File, Format Version 12.00
# Visual Studio Version 17
VisualStudioVersion = 17.3.32929.385
MinimumVisualStudioVersion = 10.0.40219.1
Project("{FAE04EC0-301F-11D3-BF4B-00C04F79EFBC}") = "Heroes", "Heroes\Heroes.csproj", "{EF600E7F-A8D6-48E1-8B09-A4D6D8F64162}"
EndProject
Global
	GlobalSection(SolutionConfigurationPlatforms) = preSolution
		Debug|Any CPU = Debug|Any CPU
		Release|Any CPU = Release|Any CPU
	EndGlobalSection
	GlobalSection(ProjectConfigurationPlatforms) = postSolution
		{EF600E7F-A8D6-48E1-8B09-A4D6D8F64162}.Debug|Any CPU.ActiveCfg = Debug|Any CPU
		{EF600E7F-A8D6-48E1-8B09-A4D6D8F64162}.Debug|Any CPU.Build.0 = Debug|Any CPU
		{EF600E7F-A8D6-48E1-8B09-A4D6D8F64162}.Release|Any CPU.ActiveCfg = Release|Any CPU
		{EF600E7F-A8D6-48E1-8B09-A4D6D8F64162}.Release|Any CPU.Build.0 = Release|Any CPU
	EndGlobalSection
	GlobalSection(SolutionProperties) = preSolution
		HideSolutionNode = FALSE
	EndGlobalSection
	GlobalSection(ExtensibilityGlobals) = postSolution
		SolutionGuid = {4EC3AB16-AE68-413F-A7A4-BEFCDEC18447}
	EndGlobalSection
EndGlobal
